
Microsoft Visual Studio Solution File, Format Version 12.00
# Visual Studio 15
VisualStudioVersion = 15.0.26730.16
MinimumVisualStudioVersion = 10.0.40219.1
Project("{FAE04EC0-301F-11D3-BF4B-00C04F79EFBC}") = "Project_V3_WINDOWS_FortisBank_LuciaPinilla_VictorGarcia", "Project_V3_WINDOWS_FortisBank_LuciaPinilla_VictorGarcia.csproj", "{717B0E01-5D56-4A9F-9504-8C5C665325DD}"
EndProject
Global
	GlobalSection(SolutionConfigurationPlatforms) = preSolution
		Debug|Any CPU = Debug|Any CPU
		Release|Any CPU = Release|Any CPU
	EndGlobalSection
	GlobalSection(ProjectConfigurationPlatforms) = postSolution
		{717B0E01-5D56-4A9F-9504-8C5C665325DD}.Debug|Any CPU.ActiveCfg = Debug|Any CPU
		{717B0E01-5D56-4A9F-9504-8C5C665325DD}.Debug|Any CPU.Build.0 = Debug|Any CPU
		{717B0E01-5D56-4A9F-9504-8C5C665325DD}.Release|Any CPU.ActiveCfg = Release|Any CPU
		{717B0E01-5D56-4A9F-9504-8C5C665325DD}.Release|Any CPU.Build.0 = Release|Any CPU
	EndGlobalSection
	GlobalSection(SolutionProperties) = preSolution
		HideSolutionNode = FALSE
	EndGlobalSection
	GlobalSection(ExtensibilityGlobals) = postSolution
		SolutionGuid = {F9CA01BE-ED45-4C89-B29E-391C056E218B}
	EndGlobalSection
EndGlobal
